
Microsoft Visual Studio Solution File, Format Version 12.00
# Visual Studio Version 17
VisualStudioVersion = 17.11.35327.3
MinimumVisualStudioVersion = 10.0.40219.1
Project("{9A19103F-16F7-4668-BE54-9A1E7A4F7556}") = "Delivery.Domain", "DeliveryDomain\Delivery.Domain.csproj", "{D3DED952-7B3D-443D-AD86-6BA28CB841DA}"
EndProject
Project("{9A19103F-16F7-4668-BE54-9A1E7A4F7556}") = "Delivery.Infraestructure", "Delivery.Infraestructure\Delivery.Infraestructure.csproj", "{78305611-3228-4338-BEF1-719A280AAD94}"
EndProject
Project("{9A19103F-16F7-4668-BE54-9A1E7A4F7556}") = "Delivery.Applications", "Delivery.Applications\Delivery.Applications.csproj", "{71F565D1-74E2-4F40-8693-98FEA47FCC72}"
EndProject
Project("{FAE04EC0-301F-11D3-BF4B-00C04F79EFBC}") = "Delivery.WebApi", "Delivery.WebApi\Delivery.WebApi.csproj", "{E76D1771-C6C2-4039-8112-EB05A9B7BD9B}"
EndProject
Global
	GlobalSection(SolutionConfigurationPlatforms) = preSolution
		Debug|Any CPU = Debug|Any CPU
		Release|Any CPU = Release|Any CPU
	EndGlobalSection
	GlobalSection(ProjectConfigurationPlatforms) = postSolution
		{D3DED952-7B3D-443D-AD86-6BA28CB841DA}.Debug|Any CPU.ActiveCfg = Debug|Any CPU
		{D3DED952-7B3D-443D-AD86-6BA28CB841DA}.Debug|Any CPU.Build.0 = Debug|Any CPU
		{D3DED952-7B3D-443D-AD86-6BA28CB841DA}.Release|Any CPU.ActiveCfg = Release|Any CPU
		{D3DED952-7B3D-443D-AD86-6BA28CB841DA}.Release|Any CPU.Build.0 = Release|Any CPU
		{78305611-3228-4338-BEF1-719A280AAD94}.Debug|Any CPU.ActiveCfg = Debug|Any CPU
		{78305611-3228-4338-BEF1-719A280AAD94}.Debug|Any CPU.Build.0 = Debug|Any CPU
		{78305611-3228-4338-BEF1-719A280AAD94}.Release|Any CPU.ActiveCfg = Release|Any CPU
		{78305611-3228-4338-BEF1-719A280AAD94}.Release|Any CPU.Build.0 = Release|Any CPU
		{71F565D1-74E2-4F40-8693-98FEA47FCC72}.Debug|Any CPU.ActiveCfg = Debug|Any CPU
		{71F565D1-74E2-4F40-8693-98FEA47FCC72}.Debug|Any CPU.Build.0 = Debug|Any CPU
		{71F565D1-74E2-4F40-8693-98FEA47FCC72}.Release|Any CPU.ActiveCfg = Release|Any CPU
		{71F565D1-74E2-4F40-8693-98FEA47FCC72}.Release|Any CPU.Build.0 = Release|Any CPU
		{E76D1771-C6C2-4039-8112-EB05A9B7BD9B}.Debug|Any CPU.ActiveCfg = Debug|Any CPU
		{E76D1771-C6C2-4039-8112-EB05A9B7BD9B}.Debug|Any CPU.Build.0 = Debug|Any CPU
		{E76D1771-C6C2-4039-8112-EB05A9B7BD9B}.Release|Any CPU.ActiveCfg = Release|Any CPU
		{E76D1771-C6C2-4039-8112-EB05A9B7BD9B}.Release|Any CPU.Build.0 = Release|Any CPU
	EndGlobalSection
	GlobalSection(SolutionProperties) = preSolution
		HideSolutionNode = FALSE
	EndGlobalSection
	GlobalSection(ExtensibilityGlobals) = postSolution
		SolutionGuid = {EE414D34-2BCF-43D8-8A0F-454908B34902}
	EndGlobalSection
EndGlobal
